
Microsoft Visual Studio Solution File, Format Version 12.00
# Visual Studio 14
VisualStudioVersion = 14.0.24720.0
MinimumVisualStudioVersion = 10.0.40219.1
Project("{FAE04EC0-301F-11D3-BF4B-00C04F79EFBC}") = "UI.Desktop", "UI.Desktop\UI.Desktop.csproj", "{D5CCBCBF-C099-4BE4-9E69-83B41353C6EA}"
EndProject
Project("{FAE04EC0-301F-11D3-BF4B-00C04F79EFBC}") = "Class.Fuel", "Class.Fuel\Class.Fuel.csproj", "{0FFAE0FE-75E9-42A2-86B5-462D3C5C09EC}"
EndProject
Global
	GlobalSection(SolutionConfigurationPlatforms) = preSolution
		Debug|Any CPU = Debug|Any CPU
		Release|Any CPU = Release|Any CPU
	EndGlobalSection
	GlobalSection(ProjectConfigurationPlatforms) = postSolution
		{D5CCBCBF-C099-4BE4-9E69-83B41353C6EA}.Debug|Any CPU.ActiveCfg = Debug|Any CPU
		{D5CCBCBF-C099-4BE4-9E69-83B41353C6EA}.Debug|Any CPU.Build.0 = Debug|Any CPU
		{D5CCBCBF-C099-4BE4-9E69-83B41353C6EA}.Release|Any CPU.ActiveCfg = Release|Any CPU
		{D5CCBCBF-C099-4BE4-9E69-83B41353C6EA}.Release|Any CPU.Build.0 = Release|Any CPU
		{0FFAE0FE-75E9-42A2-86B5-462D3C5C09EC}.Debug|Any CPU.ActiveCfg = Debug|Any CPU
		{0FFAE0FE-75E9-42A2-86B5-462D3C5C09EC}.Debug|Any CPU.Build.0 = Debug|Any CPU
		{0FFAE0FE-75E9-42A2-86B5-462D3C5C09EC}.Release|Any CPU.ActiveCfg = Release|Any CPU
		{0FFAE0FE-75E9-42A2-86B5-462D3C5C09EC}.Release|Any CPU.Build.0 = Release|Any CPU
	EndGlobalSection
	GlobalSection(SolutionProperties) = preSolution
		HideSolutionNode = FALSE
	EndGlobalSection
EndGlobal
